
Microsoft Visual Studio Solution File, Format Version 12.00
# Visual Studio Version 16
VisualStudioVersion = 16.0.31205.134
MinimumVisualStudioVersion = 10.0.40219.1
Project("{FAE04EC0-301F-11D3-BF4B-00C04F79EFBC}") = "DevIo.Api", "src\DevIo.Api\DevIo.Api.csproj", "{C650282D-A334-4F05-9BF0-EB7550E770DC}"
EndProject
Project("{9A19103F-16F7-4668-BE54-9A1E7A4F7556}") = "DevIO.Business", "src\DevIO.Business\DevIO.Business.csproj", "{36A79FDF-786D-4415-94B8-F24B664A43DC}"
EndProject
Project("{9A19103F-16F7-4668-BE54-9A1E7A4F7556}") = "DevIO.Data", "src\DevIO.Data\DevIO.Data.csproj", "{09E5393D-9E4E-407B-8BB8-B43E6637242D}"
EndProject
Global
	GlobalSection(SolutionConfigurationPlatforms) = preSolution
		Debug|Any CPU = Debug|Any CPU
		Release|Any CPU = Release|Any CPU
	EndGlobalSection
	GlobalSection(ProjectConfigurationPlatforms) = postSolution
		{C650282D-A334-4F05-9BF0-EB7550E770DC}.Debug|Any CPU.ActiveCfg = Debug|Any CPU
		{C650282D-A334-4F05-9BF0-EB7550E770DC}.Debug|Any CPU.Build.0 = Debug|Any CPU
		{C650282D-A334-4F05-9BF0-EB7550E770DC}.Release|Any CPU.ActiveCfg = Release|Any CPU
		{C650282D-A334-4F05-9BF0-EB7550E770DC}.Release|Any CPU.Build.0 = Release|Any CPU
		{36A79FDF-786D-4415-94B8-F24B664A43DC}.Debug|Any CPU.ActiveCfg = Debug|Any CPU
		{36A79FDF-786D-4415-94B8-F24B664A43DC}.Debug|Any CPU.Build.0 = Debug|Any CPU
		{36A79FDF-786D-4415-94B8-F24B664A43DC}.Release|Any CPU.ActiveCfg = Release|Any CPU
		{36A79FDF-786D-4415-94B8-F24B664A43DC}.Release|Any CPU.Build.0 = Release|Any CPU
		{09E5393D-9E4E-407B-8BB8-B43E6637242D}.Debug|Any CPU.ActiveCfg = Debug|Any CPU
		{09E5393D-9E4E-407B-8BB8-B43E6637242D}.Debug|Any CPU.Build.0 = Debug|Any CPU
		{09E5393D-9E4E-407B-8BB8-B43E6637242D}.Release|Any CPU.ActiveCfg = Release|Any CPU
		{09E5393D-9E4E-407B-8BB8-B43E6637242D}.Release|Any CPU.Build.0 = Release|Any CPU
	EndGlobalSection
	GlobalSection(SolutionProperties) = preSolution
		HideSolutionNode = FALSE
	EndGlobalSection
	GlobalSection(ExtensibilityGlobals) = postSolution
		SolutionGuid = {615920A3-3EA4-4B4E-9F1E-7BC8DEEE29EF}
	EndGlobalSection
EndGlobal
